
Microsoft Visual Studio Solution File, Format Version 12.00
# Visual Studio 2012
Project("{FAE04EC0-301F-11D3-BF4B-00C04F79EFBC}") = "Vk Manager", "Vk Manager\Vk Manager.csproj", "{654E3B2B-572B-4F96-AA6E-B55B5ED9CD8F}"
EndProject
Global
	GlobalSection(SolutionConfigurationPlatforms) = preSolution
		Debug|Any CPU = Debug|Any CPU
		Release|Any CPU = Release|Any CPU
	EndGlobalSection
	GlobalSection(ProjectConfigurationPlatforms) = postSolution
		{654E3B2B-572B-4F96-AA6E-B55B5ED9CD8F}.Debug|Any CPU.ActiveCfg = Debug|Any CPU
		{654E3B2B-572B-4F96-AA6E-B55B5ED9CD8F}.Debug|Any CPU.Build.0 = Debug|Any CPU
		{654E3B2B-572B-4F96-AA6E-B55B5ED9CD8F}.Release|Any CPU.ActiveCfg = Release|Any CPU
		{654E3B2B-572B-4F96-AA6E-B55B5ED9CD8F}.Release|Any CPU.Build.0 = Release|Any CPU
	EndGlobalSection
	GlobalSection(SolutionProperties) = preSolution
		HideSolutionNode = FALSE
	EndGlobalSection
EndGlobal
